
Microsoft Visual Studio Solution File, Format Version 12.00
# Visual Studio Version 17
VisualStudioVersion = 17.1.32210.238
MinimumVisualStudioVersion = 10.0.40219.1
Project("{FAE04EC0-301F-11D3-BF4B-00C04F79EFBC}") = "VATCalculator.UI", "VATCalculator.UI\VATCalculator.UI.csproj", "{40E6D564-117E-4935-8A3B-1E8426F12138}"
EndProject
Global
	GlobalSection(SolutionConfigurationPlatforms) = preSolution
		Debug|Any CPU = Debug|Any CPU
		Release|Any CPU = Release|Any CPU
	EndGlobalSection
	GlobalSection(ProjectConfigurationPlatforms) = postSolution
		{40E6D564-117E-4935-8A3B-1E8426F12138}.Debug|Any CPU.ActiveCfg = Debug|Any CPU
		{40E6D564-117E-4935-8A3B-1E8426F12138}.Debug|Any CPU.Build.0 = Debug|Any CPU
		{40E6D564-117E-4935-8A3B-1E8426F12138}.Release|Any CPU.ActiveCfg = Release|Any CPU
		{40E6D564-117E-4935-8A3B-1E8426F12138}.Release|Any CPU.Build.0 = Release|Any CPU
	EndGlobalSection
	GlobalSection(SolutionProperties) = preSolution
		HideSolutionNode = FALSE
	EndGlobalSection
	GlobalSection(ExtensibilityGlobals) = postSolution
		SolutionGuid = {2BA48FEF-C756-4CC1-8E41-0E2B58B3AA0F}
	EndGlobalSection
EndGlobal
